dependencies:
  loader-utils: 2.0.0
  schema-utils: 2.7.0
lockfileVersion: 5.1
packages:
  /@types/json-schema/7.0.5:
    dev: false
    resolution:
      integrity: sha512-7+2BITlgjgDhH0vvwZU/HZJVyk+2XUlvxXe8dFMedNX/aMkaOq++rMAFXc0tM7ij15QaWlbdQASBR9dihi+bDQ==
  /ajv-keywords/3.5.2_ajv@6.12.4:
    dependencies:
      ajv: 6.12.4
    dev: false
    peerDependencies:
      ajv: ^6.9.1
    resolution:
      integrity: sha512-5p6WTN0DdTGVQk6VjcEju19IgaHudalcfabD7yhDGeA6bcQnmL+CpveLJq/3hvfwd1aof6L386Ougkx6RfyMIQ==
  /ajv/6.12.4:
    dependencies:
      fast-deep-equal: 3.1.3
      fast-json-stable-stringify: 2.1.0
      json-schema-traverse: 0.4.1
      uri-js: 4.2.2
    dev: false
    resolution:
      integrity: sha512-eienB2c9qVQs2KWexhkrdMLVDoIQCz5KSeLxwg9Lzk4DOfBtIK9PQwwufcsn1jjGuf9WZmqPMbGxOzfcuphJCQ==
  /big.js/5.2.2:
    dev: false
    resolution:
      integrity: sha512-vyL2OymJxmarO8gxMr0mhChsO9QGwhynfuu4+MHTAW6czfq9humCB7rKpUjDd9YUiDPU4mzpyupFSvOClAwbmQ==
  /emojis-list/3.0.0:
    dev: false
    engines:
      node: '>= 4'
    resolution:
      integrity: sha512-/kyM18EfinwXZbno9FyUGeFh87KC8HRQBQGildHZbEuRyWFOmv1U10o9BBp8XVZDVNNuQKyIGIu5ZYAAXJ0V2Q==
  /fast-deep-equal/3.1.3:
    dev: false
    resolution:
      integrity: sha512-f3qQ9oQy9j2AhBe/H9VC91wLmKBCCU/gDOnKNAYG5hswO7BLKj09Hc5HYNz9cGI++xlpDCIgDaitVs03ATR84Q==
  /fast-json-stable-stringify/2.1.0:
    dev: false
    resolution:
      integrity: sha512-lhd/wF+Lk98HZoTCtlVraHtfh5XYijIjalXck7saUtuanSDyLMxnHhSXEDJqHxD7msR8D0uCmqlkwjCV8xvwHw==
  /json-schema-traverse/0.4.1:
    dev: false
    resolution:
      integrity: sha512-xbbCH5dCYU5T8LcEhhuh7HJ88HXuW3qsI3Y0zOZFKfZEHcpWiHU/Jxzk629Brsab/mMiHQti9wMP+845RPe3Vg==
  /json5/2.1.3:
    dependencies:
      minimist: 1.2.5
    dev: false
    engines:
      node: '>=6'
    hasBin: true
    resolution:
      integrity: sha512-KXPvOm8K9IJKFM0bmdn8QXh7udDh1g/giieX0NLCaMnb4hEiVFqnop2ImTXCc5e0/oHz3LTqmHGtExn5hfMkOA==
  /loader-utils/2.0.0:
    dependencies:
      big.js: 5.2.2
      emojis-list: 3.0.0
      json5: 2.1.3
    dev: false
    engines:
      node: '>=8.9.0'
    resolution:
      integrity: sha512-rP4F0h2RaWSvPEkD7BLDFQnvSf+nK+wr3ESUjNTyAGobqrijmW92zc+SO6d4p4B1wh7+B/Jg1mkQe5NYUEHtHQ==
  /minimist/1.2.5:
    dev: false
    resolution:
      integrity: sha512-FM9nNUYrRBAELZQT3xeZQ7fmMOBg6nWNmJKTcgsJeaLstP/UODVpGsr5OhXhhXg6f+qtJ8uiZ+PUxkDWcgIXLw==
  /punycode/2.1.1:
    dev: false
    engines:
      node: '>=6'
    resolution:
      integrity: sha512-XRsRjdf+j5ml+y/6GKHPZbrF/8p2Yga0JPtdqTIY2Xe5ohJPD9saDJJLPvp9+NSBprVvevdXZybnj2cv8OEd0A==
  /schema-utils/2.7.0:
    dependencies:
      '@types/json-schema': 7.0.5
      ajv: 6.12.4
      ajv-keywords: 3.5.2_ajv@6.12.4
    dev: false
    engines:
      node: '>= 8.9.0'
    resolution:
      integrity: sha512-0ilKFI6QQF5nxDZLFn2dMjvc4hjg/Wkg7rHd3jK6/A4a1Hl9VFdQWvgB1UMGoU94pad1P/8N7fMcEnLnSiju8A==
  /uri-js/4.2.2:
    dependencies:
      punycode: 2.1.1
    dev: false
    resolution:
      integrity: sha512-KY9Frmirql91X2Qgjry0Wd4Y+YTdrdZheS8TFwvkbLWf/G5KNJDCh6pKL5OZctEW4+0Baa5idK2ZQuELRwPznQ==
specifiers:
  loader-utils: ^2.0.0
  schema-utils: ^2.7.0
